{
    "_meta": {
        "hash": {
            "sha256": "3de4c32b1d51603a23101f51db569f989704e88b6cab8a9463d8d8d5faa17b48"
        },
        "pipfile-spec": 6,
        "requires": {
            "python_version": "3.9"
        },
        "sources": [
            {
                "name": "pypi",
                "url": "https://pypi.org/simple",
                "verify_ssl": true
            }
        ]
    },
    "default": {
        "null": {
            "hashes": [
                "sha256:77debb2c7a6c47d4d44a129f507f01267d1df4844b432fbf05491d7f6bb6aeee"
            ],
            "index": "pypi",
            "version": "==0.6.1"
        },
        "six": {
            "hashes": [
                "sha256:1e61c37477a1626458e36f7b1d82aa5c9b094fa4802892072e49de9c60c4c926",
                "sha256:8abb2f1d86890a2dfb989f9a77cfcfd3e47c2a354b01111771326f8aa26e0254"
            ],
            "markers": "python_version >= '2.7' and python_version not in '3.0, 3.1, 3.2, 3.3'",
            "version": "==1.16.0"
        }
    },
    "develop": {}
}
